
Microsoft Visual Studio Solution File, Format Version 12.00
# Visual Studio 15
VisualStudioVersion = 15.0.28307.852
MinimumVisualStudioVersion = 10.0.40219.1
Project("{FAE04EC0-301F-11D3-BF4B-00C04F79EFBC}") = "TinyMCE_TEXT_ENRICHED", "TinyMCE_TEXT_ENRICHED\TinyMCE_TEXT_ENRICHED.csproj", "{FB847376-E87F-4644-8AF1-1B49C478D498}"
EndProject
Global
	GlobalSection(SolutionConfigurationPlatforms) = preSolution
		Debug|Any CPU = Debug|Any CPU
		Release|Any CPU = Release|Any CPU
	EndGlobalSection
	GlobalSection(ProjectConfigurationPlatforms) = postSolution
		{FB847376-E87F-4644-8AF1-1B49C478D498}.Debug|Any CPU.ActiveCfg = Debug|Any CPU
		{FB847376-E87F-4644-8AF1-1B49C478D498}.Debug|Any CPU.Build.0 = Debug|Any CPU
		{FB847376-E87F-4644-8AF1-1B49C478D498}.Release|Any CPU.ActiveCfg = Release|Any CPU
		{FB847376-E87F-4644-8AF1-1B49C478D498}.Release|Any CPU.Build.0 = Release|Any CPU
	EndGlobalSection
	GlobalSection(SolutionProperties) = preSolution
		HideSolutionNode = FALSE
	EndGlobalSection
	GlobalSection(ExtensibilityGlobals) = postSolution
		SolutionGuid = {B3D51988-B3BD-4FD8-BDDD-0069E25108A8}
	EndGlobalSection
EndGlobal
